{
  "nodes": {
    "flake-utils": {
      "locked": {
        "lastModified": 1659877975,
        "narHash": "sha256-zllb8aq3YO3h8B/U0/J1WBgAL8EX5yWf5pMj3G0NAmc=",
        "owner": "numtide",
        "repo": "flake-utils",
        "rev": "c0e246b9b83f637f4681389ecabcb2681b4f3af0",
        "type": "github"
      },
      "original": {
        "owner": "numtide",
        "repo": "flake-utils",
        "type": "github"
      }
    },
    "nix-filter": {
      "locked": {
        "lastModified": 1661201956,
        "narHash": "sha256-RizGJH/buaw9A2+fiBf9WnXYw4LZABB5kMAZIEE5/T8=",
        "owner": "numtide",
        "repo": "nix-filter",
        "rev": "3b821578685d661a10b563cba30b1861eec05748",
        "type": "github"
      },
      "original": {
        "owner": "numtide",
        "repo": "nix-filter",
        "type": "github"
      }
    },
    "nixpkgs": {
      "inputs": {
        "flake-utils": [
          "flake-utils"
        ],
        "nixpkgs": "nixpkgs_2"
      },
      "locked": {
        "lastModified": 1664080147,
        "narHash": "sha256-oycZgPci30tPcqZdRKUuhnjq0dgtyxqhX+dweBnEHrU=",
        "owner": "anmonteiro",
        "repo": "nix-overlays",
        "rev": "f1117857121c16e0dd44761a0c5cd3f6fa43f807",
        "type": "github"
      },
      "original": {
        "owner": "anmonteiro",
        "repo": "nix-overlays",
        "rev": "f1117857121c16e0dd44761a0c5cd3f6fa43f807",
        "type": "github"
      }
    },
    "nixpkgs_2": {
      "locked": {
        "lastModified": 1663904611,
        "narHash": "sha256-5FMM3P7ZfzWp9PgbFjTAIoGyoSHXVm7z2prqF/wxzss=",
        "owner": "NixOS",
        "repo": "nixpkgs",
        "rev": "2405c2e047949d1f9fd9ad42087b05b2def45df1",
        "type": "github"
      },
      "original": {
        "owner": "NixOS",
        "repo": "nixpkgs",
        "rev": "2405c2e047949d1f9fd9ad42087b05b2def45df1",
        "type": "github"
      }
    },
    "root": {
      "inputs": {
        "flake-utils": "flake-utils",
        "nix-filter": "nix-filter",
        "nixpkgs": "nixpkgs"
      }
    }
  },
  "root": "root",
  "version": 7
}
