{
  "nodes": {
    "flake-utils": {
      "inputs": {
        "systems": "systems"
      },
      "locked": {
        "lastModified": 1681202837,
        "narHash": "sha256-H+Rh19JDwRtpVPAWp64F+rlEtxUWBAQW28eAi3SRSzg=",
        "owner": "numtide",
        "repo": "flake-utils",
        "rev": "cfacdce06f30d2b68473a46042957675eebb3401",
        "type": "github"
      },
      "original": {
        "owner": "numtide",
        "repo": "flake-utils",
        "type": "github"
      }
    },
    "nix-filter": {
      "locked": {
        "lastModified": 1681154353,
        "narHash": "sha256-MCJ5FHOlbfQRFwN0brqPbCunLEVw05D/3sRVoNVt2tI=",
        "owner": "numtide",
        "repo": "nix-filter",
        "rev": "f529f42792ade8e32c4be274af6b6d60857fbee7",
        "type": "github"
      },
      "original": {
        "owner": "numtide",
        "repo": "nix-filter",
        "type": "github"
      }
    },
    "nixpkgs": {
      "inputs": {
        "flake-utils": [
          "flake-utils"
        ],
        "nixpkgs": "nixpkgs_2"
      },
      "locked": {
        "lastModified": 1683336918,
        "narHash": "sha256-bbMGa/sy5T4paHELHiiDdHbbbsjJY+r4svFCuXavDyA=",
        "owner": "nix-ocaml",
        "repo": "nix-overlays",
        "rev": "eceeffeca2b37c239a29089150447193123dc804",
        "type": "github"
      },
      "original": {
        "owner": "nix-ocaml",
        "repo": "nix-overlays",
        "type": "github"
      }
    },
    "nixpkgs_2": {
      "locked": {
        "lastModified": 1683286087,
        "narHash": "sha256-xseOd7W7xwF5GOF2RW8qhjmVGrKoBz+caBlreaNzoeI=",
        "owner": "NixOS",
        "repo": "nixpkgs",
        "rev": "3e313808bd2e0a0669430787fb22e43b2f4bf8bf",
        "type": "github"
      },
      "original": {
        "owner": "NixOS",
        "repo": "nixpkgs",
        "rev": "3e313808bd2e0a0669430787fb22e43b2f4bf8bf",
        "type": "github"
      }
    },
    "root": {
      "inputs": {
        "flake-utils": "flake-utils",
        "nix-filter": "nix-filter",
        "nixpkgs": "nixpkgs"
      }
    },
    "systems": {
      "locked": {
        "lastModified": 1681028828,
        "narHash": "sha256-Vy1rq5AaRuLzOxct8nz4T6wlgyUR7zLU309k9mBC768=",
        "owner": "nix-systems",
        "repo": "default",
        "rev": "da67096a3b9bf56a91d16901293e51ba5b49a27e",
        "type": "github"
      },
      "original": {
        "owner": "nix-systems",
        "repo": "default",
        "type": "github"
      }
    }
  },
  "root": "root",
  "version": 7
}
